// !$*UTF8*$!
{
	archiveVersion = 1;
	classes = {
	};
	objectVersion = 56;
	objects = {

/* Begin PBXBuildFile section */
		EA303BD729E75A2F000F20D5 /* WidgetologyApp.swift in Sources */ = {isa = PBXBuildFile; fileRef = EA303BD629E75A2F000F20D5 /* WidgetologyApp.swift */; };
		EA303BD929E75A2F000F20D5 /* ContentView.swift in Sources */ = {isa = PBXBuildFile; fileRef = EA303BD829E75A2F000F20D5 /* ContentView.swift */; };
		EA303BDB29E75A31000F20D5 /* Assets.xcassets in Resources */ = {isa = PBXBuildFile; fileRef = EA303BDA29E75A31000F20D5 /* Assets.xcassets */; };
		EA303BDE29E75A31000F20D5 /* Preview Assets.xcassets in Resources */ = {isa = PBXBuildFile; fileRef = EA303BDD29E75A31000F20D5 /* Preview Assets.xcassets */; };
		EAD9A39929EDED7F0024E4EE /* WidgetKit.framework in Frameworks */ = {isa = PBXBuildFile; fileRef = EAD9A39829EDED7F0024E4EE /* WidgetKit.framework */; };
		EAD9A39B29EDED7F0024E4EE /* SwiftUI.framework in Frameworks */ = {isa = PBXBuildFile; fileRef = EAD9A39A29EDED7F0024E4EE /* SwiftUI.framework */; };
		EAD9A39E29EDED7F0024E4EE /* WidgetologyWidgetsBundle.swift in Sources */ = {isa = PBXBuildFile; fileRef = EAD9A39D29EDED7F0024E4EE /* WidgetologyWidgetsBundle.swift */; };
		EAD9A3A029EDED7F0024E4EE /* WidgetologyWidgetsLiveActivity.swift in Sources */ = {isa = PBXBuildFile; fileRef = EAD9A39F29EDED7F0024E4EE /* WidgetologyWidgetsLiveActivity.swift */; };
		EAD9A3A229EDED7F0024E4EE /* WidgetologyWidgets.swift in Sources */ = {isa = PBXBuildFile; fileRef = EAD9A3A129EDED7F0024E4EE /* WidgetologyWidgets.swift */; };
		EAD9A3A529EDED800024E4EE /* Assets.xcassets in Resources */ = {isa = PBXBuildFile; fileRef = EAD9A3A429EDED800024E4EE /* Assets.xcassets */; };
		EAD9A3A729EDED800024E4EE /* WidgetologyWidgets.intentdefinition in Sources */ = {isa = PBXBuildFile; fileRef = EAD9A3A329EDED7F0024E4EE /* WidgetologyWidgets.intentdefinition */; };
		EAD9A3A829EDED800024E4EE /* WidgetologyWidgets.intentdefinition in Sources */ = {isa = PBXBuildFile; fileRef = EAD9A3A329EDED7F0024E4EE /* WidgetologyWidgets.intentdefinition */; };
		EAD9A3AB29EDED800024E4EE /* WidgetologyWidgetsExtension.appex in Embed Foundation Extensions */ = {isa = PBXBuildFile; fileRef = EAD9A39629EDED7F0024E4EE /* WidgetologyWidgetsExtension.appex */; settings = {ATTRIBUTES = (RemoveHeadersOnCopy, ); }; };
/* End PBXBuildFile section */

/* Begin PBXContainerItemProxy section */
		EAD9A3A929EDED800024E4EE /* PBXContainerItemProxy */ = {
			isa = PBXContainerItemProxy;
			containerPortal = EA303BCB29E75A2F000F20D5 /* Project object */;
			proxyType = 1;
			remoteGlobalIDString = EAD9A39529EDED7F0024E4EE;
			remoteInfo = WidgetologyWidgetsExtension;
		};
/* End PBXContainerItemProxy section */

/* Begin PBXCopyFilesBuildPhase section */
		EAD9A3AC29EDED800024E4EE /* Embed Foundation Extensions */ = {
			isa = PBXCopyFilesBuildPhase;
			buildActionMask = 2147483647;
			dstPath = "";
			dstSubfolderSpec = 13;
			files = (
				EAD9A3AB29EDED800024E4EE /* WidgetologyWidgetsExtension.appex in Embed Foundation Extensions */,
			);
			name = "Embed Foundation Extensions";
			runOnlyForDeploymentPostprocessing = 0;
		};
/* End PBXCopyFilesBuildPhase section */

/* Begin PBXFileReference section */
		EA303BD329E75A2F000F20D5 /* Widgetology.app */ = {isa = PBXFileReference; explicitFileType = wrapper.application; includeInIndex = 0; path = Widgetology.app; sourceTree = BUILT_PRODUCTS_DIR; };
		EA303BD629E75A2F000F20D5 /* WidgetologyApp.swift */ = {isa = PBXFileReference; lastKnownFileType = sourcecode.swift; path = WidgetologyApp.swift; sourceTree = "<group>"; };
		EA303BD829E75A2F000F20D5 /* ContentView.swift */ = {isa = PBXFileReference; lastKnownFileType = sourcecode.swift; path = ContentView.swift; sourceTree = "<group>"; };
		EA303BDA29E75A31000F20D5 /* Assets.xcassets */ = {isa = PBXFileReference; lastKnownFileType = folder.assetcatalog; path = Assets.xcassets; sourceTree = "<group>"; };
		EA303BDD29E75A31000F20D5 /* Preview Assets.xcassets */ = {isa = PBXFileReference; lastKnownFileType = folder.assetcatalog; path = "Preview Assets.xcassets"; sourceTree = "<group>"; };
		EAD9A39629EDED7F0024E4EE /* WidgetologyWidgetsExtension.appex */ = {isa = PBXFileReference; explicitFileType = "wrapper.app-extension"; includeInIndex = 0; path = WidgetologyWidgetsExtension.appex; sourceTree = BUILT_PRODUCTS_DIR; };
		EAD9A39829EDED7F0024E4EE /* WidgetKit.framework */ = {isa = PBXFileReference; lastKnownFileType = wrapper.framework; name = WidgetKit.framework; path = System/Library/Frameworks/WidgetKit.framework; sourceTree = SDKROOT; };
		EAD9A39A29EDED7F0024E4EE /* SwiftUI.framework */ = {isa = PBXFileReference; lastKnownFileType = wrapper.framework; name = SwiftUI.framework; path = System/Library/Frameworks/SwiftUI.framework; sourceTree = SDKROOT; };
		EAD9A39D29EDED7F0024E4EE /* WidgetologyWidgetsBundle.swift */ = {isa = PBXFileReference; lastKnownFileType = sourcecode.swift; path = WidgetologyWidgetsBundle.swift; sourceTree = "<group>"; };
		EAD9A39F29EDED7F0024E4EE /* WidgetologyWidgetsLiveActivity.swift */ = {isa = PBXFileReference; lastKnownFileType = sourcecode.swift; path = WidgetologyWidgetsLiveActivity.swift; sourceTree = "<group>"; };
		EAD9A3A129EDED7F0024E4EE /* WidgetologyWidgets.swift */ = {isa = PBXFileReference; lastKnownFileType = sourcecode.swift; path = WidgetologyWidgets.swift; sourceTree = "<group>"; };
		EAD9A3A329EDED7F0024E4EE /* WidgetologyWidgets.intentdefinition */ = {isa = PBXFileReference; lastKnownFileType = file.intentdefinition; path = WidgetologyWidgets.intentdefinition; sourceTree = "<group>"; };
		EAD9A3A429EDED800024E4EE /* Assets.xcassets */ = {isa = PBXFileReference; lastKnownFileType = folder.assetcatalog; path = Assets.xcassets; sourceTree = "<group>"; };
		EAD9A3A629EDED800024E4EE /* Info.plist */ = {isa = PBXFileReference; lastKnownFileType = text.plist.xml; path = Info.plist; sourceTree = "<group>"; };
/* End PBXFileReference section */

/* Begin PBXFrameworksBuildPhase section */
		EA303BD029E75A2F000F20D5 /* Frameworks */ = {
			isa = PBXFrameworksBuildPhase;
			buildActionMask = 2147483647;
			files = (
			);
			runOnlyForDeploymentPostprocessing = 0;
		};
		EAD9A39329EDED7F0024E4EE /* Frameworks */ = {
			isa = PBXFrameworksBuildPhase;
			buildActionMask = 2147483647;
			files = (
				EAD9A39B29EDED7F0024E4EE /* SwiftUI.framework in Frameworks */,
				EAD9A39929EDED7F0024E4EE /* WidgetKit.framework in Frameworks */,
			);
			runOnlyForDeploymentPostprocessing = 0;
		};
/* End PBXFrameworksBuildPhase section */

/* Begin PBXGroup section */
		EA303BCA29E75A2F000F20D5 = {
			isa = PBXGroup;
			children = (
				EA303BD529E75A2F000F20D5 /* Widgetology */,
				EAD9A39C29EDED7F0024E4EE /* WidgetologyWidgets */,
				EAD9A39729EDED7F0024E4EE /* Frameworks */,
				EA303BD429E75A2F000F20D5 /* Products */,
			);
			sourceTree = "<group>";
		};
		EA303BD429E75A2F000F20D5 /* Products */ = {
			isa = PBXGroup;
			children = (
				EA303BD329E75A2F000F20D5 /* Widgetology.app */,
				EAD9A39629EDED7F0024E4EE /* WidgetologyWidgetsExtension.appex */,
			);
			name = Products;
			sourceTree = "<group>";
		};
		EA303BD529E75A2F000F20D5 /* Widgetology */ = {
			isa = PBXGroup;
			children = (
				EA303BD629E75A2F000F20D5 /* WidgetologyApp.swift */,
				EA303BD829E75A2F000F20D5 /* ContentView.swift */,
				EA303BDA29E75A31000F20D5 /* Assets.xcassets */,
				EA303BDC29E75A31000F20D5 /* Preview Content */,
			);
			path = Widgetology;
			sourceTree = "<group>";
		};
		EA303BDC29E75A31000F20D5 /* Preview Content */ = {
			isa = PBXGroup;
			children = (
				EA303BDD29E75A31000F20D5 /* Preview Assets.xcassets */,
			);
			path = "Preview Content";
			sourceTree = "<group>";
		};
		EAD9A39729EDED7F0024E4EE /* Frameworks */ = {
			isa = PBXGroup;
			children = (
				EAD9A39829EDED7F0024E4EE /* WidgetKit.framework */,
				EAD9A39A29EDED7F0024E4EE /* SwiftUI.framework */,
			);
			name = Frameworks;
			sourceTree = "<group>";
		};
		EAD9A39C29EDED7F0024E4EE /* WidgetologyWidgets */ = {
			isa = PBXGroup;
			children = (
				EAD9A39D29EDED7F0024E4EE /* WidgetologyWidgetsBundle.swift */,
				EAD9A39F29EDED7F0024E4EE /* WidgetologyWidgetsLiveActivity.swift */,
				EAD9A3A129EDED7F0024E4EE /* WidgetologyWidgets.swift */,
				EAD9A3A329EDED7F0024E4EE /* WidgetologyWidgets.intentdefinition */,
				EAD9A3A429EDED800024E4EE /* Assets.xcassets */,
				EAD9A3A629EDED800024E4EE /* Info.plist */,
			);
			path = WidgetologyWidgets;
			sourceTree = "<group>";
		};
/* End PBXGroup section */

/* Begin PBXNativeTarget section */
		EA303BD229E75A2F000F20D5 /* Widgetology */ = {
			isa = PBXNativeTarget;
			buildConfigurationList = EA303BE129E75A31000F20D5 /* Build configuration list for PBXNativeTarget "Widgetology" */;
			buildPhases = (
				EA303BCF29E75A2F000F20D5 /* Sources */,
				EA303BD029E75A2F000F20D5 /* Frameworks */,
				EA303BD129E75A2F000F20D5 /* Resources */,
				EAD9A3AC29EDED800024E4EE /* Embed Foundation Extensions */,
			);
			buildRules = (
			);
			dependencies = (
				EAD9A3AA29EDED800024E4EE /* PBXTargetDependency */,
			);
			name = Widgetology;
			productName = Widgetology;
			productReference = EA303BD329E75A2F000F20D5 /* Widgetology.app */;
			productType = "com.apple.product-type.application";
		};
		EAD9A39529EDED7F0024E4EE /* WidgetologyWidgetsExtension */ = {
			isa = PBXNativeTarget;
			buildConfigurationList = EAD9A3AF29EDED800024E4EE /* Build configuration list for PBXNativeTarget "WidgetologyWidgetsExtension" */;
			buildPhases = (
				EAD9A39229EDED7F0024E4EE /* Sources */,
				EAD9A39329EDED7F0024E4EE /* Frameworks */,
				EAD9A39429EDED7F0024E4EE /* Resources */,
			);
			buildRules = (
			);
			dependencies = (
			);
			name = WidgetologyWidgetsExtension;
			productName = WidgetologyWidgetsExtension;
			productReference = EAD9A39629EDED7F0024E4EE /* WidgetologyWidgetsExtension.appex */;
			productType = "com.apple.product-type.app-extension";
		};
/* End PBXNativeTarget section */

/* Begin PBXProject section */
		EA303BCB29E75A2F000F20D5 /* Project object */ = {
			isa = PBXProject;
			attributes = {
				BuildIndependentTargetsInParallel = 1;
				LastSwiftUpdateCheck = 1430;
				LastUpgradeCheck = 1430;
				TargetAttributes = {
					EA303BD229E75A2F000F20D5 = {
						CreatedOnToolsVersion = 14.3;
					};
					EAD9A39529EDED7F0024E4EE = {
						CreatedOnToolsVersion = 14.3;
					};
				};
			};
			buildConfigurationList = EA303BCE29E75A2F000F20D5 /* Build configuration list for PBXProject "Widgetology" */;
			compatibilityVersion = "Xcode 14.0";
			developmentRegion = en;
			hasScannedForEncodings = 0;
			knownRegions = (
				en,
				Base,
			);
			mainGroup = EA303BCA29E75A2F000F20D5;
			productRefGroup = EA303BD429E75A2F000F20D5 /* Products */;
			projectDirPath = "";
			projectRoot = "";
			targets = (
				EA303BD229E75A2F000F20D5 /* Widgetology */,
				EAD9A39529EDED7F0024E4EE /* WidgetologyWidgetsExtension */,
			);
		};
/* End PBXProject section */

/* Begin PBXResourcesBuildPhase section */
		EA303BD129E75A2F000F20D5 /* Resources */ = {
			isa = PBXResourcesBuildPhase;
			buildActionMask = 2147483647;
			files = (
				EA303BDE29E75A31000F20D5 /* Preview Assets.xcassets in Resources */,
				EA303BDB29E75A31000F20D5 /* Assets.xcassets in Resources */,
			);
			runOnlyForDeploymentPostprocessing = 0;
		};
		EAD9A39429EDED7F0024E4EE /* Resources */ = {
			isa = PBXResourcesBuildPhase;
			buildActionMask = 2147483647;
			files = (
				EAD9A3A529EDED800024E4EE /* Assets.xcassets in Resources */,
			);
			runOnlyForDeploymentPostprocessing = 0;
		};
/* End PBXResourcesBuildPhase section */

/* Begin PBXSourcesBuildPhase section */
		EA303BCF29E75A2F000F20D5 /* Sources */ = {
			isa = PBXSourcesBuildPhase;
			buildActionMask = 2147483647;
			files = (
				EA303BD929E75A2F000F20D5 /* ContentView.swift in Sources */,
				EAD9A3A829EDED800024E4EE /* WidgetologyWidgets.intentdefinition in Sources */,
				EA303BD729E75A2F000F20D5 /* WidgetologyApp.swift in Sources */,
			);
			runOnlyForDeploymentPostprocessing = 0;
		};
		EAD9A39229EDED7F0024E4EE /* Sources */ = {
			isa = PBXSourcesBuildPhase;
			buildActionMask = 2147483647;
			files = (
				EAD9A39E29EDED7F0024E4EE /* WidgetologyWidgetsBundle.swift in Sources */,
				EAD9A3A729EDED800024E4EE /* WidgetologyWidgets.intentdefinition in Sources */,
				EAD9A3A229EDED7F0024E4EE /* WidgetologyWidgets.swift in Sources */,
				EAD9A3A029EDED7F0024E4EE /* WidgetologyWidgetsLiveActivity.swift in Sources */,
			);
			runOnlyForDeploymentPostprocessing = 0;
		};
/* End PBXSourcesBuildPhase section */

/* Begin PBXTargetDependency section */
		EAD9A3AA29EDED800024E4EE /* PBXTargetDependency */ = {
			isa = PBXTargetDependency;
			target = EAD9A39529EDED7F0024E4EE /* WidgetologyWidgetsExtension */;
			targetProxy = EAD9A3A929EDED800024E4EE /* PBXContainerItemProxy */;
		};
/* End PBXTargetDependency section */

/* Begin XCBuildConfiguration section */
		EA303BDF29E75A31000F20D5 /* Debug */ = {
			isa = XCBuildConfiguration;
			buildSettings = {
				ALWAYS_SEARCH_USER_PATHS = NO;
				CLANG_ANALYZER_NONNULL = YES;
				CLANG_ANALYZER_NUMBER_OBJECT_CONVERSION = YES_AGGRESSIVE;
				CLANG_CXX_LANGUAGE_STANDARD = "gnu++20";
				CLANG_ENABLE_MODULES = YES;
				CLANG_ENABLE_OBJC_ARC = YES;
				CLANG_ENABLE_OBJC_WEAK = YES;
				CLANG_WARN_BLOCK_CAPTURE_AUTORELEASING = YES;
				CLANG_WARN_BOOL_CONVERSION = YES;
				CLANG_WARN_COMMA = YES;
				CLANG_WARN_CONSTANT_CONVERSION = YES;
				CLANG_WARN_DEPRECATED_OBJC_IMPLEMENTATIONS = YES;
				CLANG_WARN_DIRECT_OBJC_ISA_USAGE = YES_ERROR;
				CLANG_WARN_DOCUMENTATION_COMMENTS = YES;
				CLANG_WARN_EMPTY_BODY = YES;
				CLANG_WARN_ENUM_CONVERSION = YES;
				CLANG_WARN_INFINITE_RECURSION = YES;
				CLANG_WARN_INT_CONVERSION = YES;
				CLANG_WARN_NON_LITERAL_NULL_CONVERSION = YES;
				CLANG_WARN_OBJC_IMPLICIT_RETAIN_SELF = YES;
				CLANG_WARN_OBJC_LITERAL_CONVERSION = YES;
				CLANG_WARN_OBJC_ROOT_CLASS = YES_ERROR;
				CLANG_WARN_QUOTED_INCLUDE_IN_FRAMEWORK_HEADER = YES;
				CLANG_WARN_RANGE_LOOP_ANALYSIS = YES;
				CLANG_WARN_STRICT_PROTOTYPES = YES;
				CLANG_WARN_SUSPICIOUS_MOVE = YES;
				CLANG_WARN_UNGUARDED_AVAILABILITY = YES_AGGRESSIVE;
				CLANG_WARN_UNREACHABLE_CODE = YES;
				CLANG_WARN__DUPLICATE_METHOD_MATCH = YES;
				COPY_PHASE_STRIP = NO;
				DEBUG_INFORMATION_FORMAT = dwarf;
				ENABLE_STRICT_OBJC_MSGSEND = YES;
				ENABLE_TESTABILITY = YES;
				GCC_C_LANGUAGE_STANDARD = gnu11;
				GCC_DYNAMIC_NO_PIC = NO;
				GCC_NO_COMMON_BLOCKS = YES;
				GCC_OPTIMIZATION_LEVEL = 0;
				GCC_PREPROCESSOR_DEFINITIONS = (
					"DEBUG=1",
					"$(inherited)",
				);
				GCC_WARN_64_TO_32_BIT_CONVERSION = YES;
				GCC_WARN_ABOUT_RETURN_TYPE = YES_ERROR;
				GCC_WARN_UNDECLARED_SELECTOR = YES;
				GCC_WARN_UNINITIALIZED_AUTOS = YES_AGGRESSIVE;
				GCC_WARN_UNUSED_FUNCTION = YES;
				GCC_WARN_UNUSED_VARIABLE = YES;
				IPHONEOS_DEPLOYMENT_TARGET = 16.4;
				MTL_ENABLE_DEBUG_INFO = INCLUDE_SOURCE;
				MTL_FAST_MATH = YES;
				ONLY_ACTIVE_ARCH = YES;
				SDKROOT = iphoneos;
				SWIFT_ACTIVE_COMPILATION_CONDITIONS = DEBUG;
				SWIFT_OPTIMIZATION_LEVEL = "-Onone";
			};
			name = Debug;
		};
		EA303BE029E75A31000F20D5 /* Release */ = {
			isa = XCBuildConfiguration;
			buildSettings = {
				ALWAYS_SEARCH_USER_PATHS = NO;
				CLANG_ANALYZER_NONNULL = YES;
				CLANG_ANALYZER_NUMBER_OBJECT_CONVERSION = YES_AGGRESSIVE;
				CLANG_CXX_LANGUAGE_STANDARD = "gnu++20";
				CLANG_ENABLE_MODULES = YES;
				CLANG_ENABLE_OBJC_ARC = YES;
				CLANG_ENABLE_OBJC_WEAK = YES;
				CLANG_WARN_BLOCK_CAPTURE_AUTORELEASING = YES;
				CLANG_WARN_BOOL_CONVERSION = YES;
				CLANG_WARN_COMMA = YES;
				CLANG_WARN_CONSTANT_CONVERSION = YES;
				CLANG_WARN_DEPRECATED_OBJC_IMPLEMENTATIONS = YES;
				CLANG_WARN_DIRECT_OBJC_ISA_USAGE = YES_ERROR;
				CLANG_WARN_DOCUMENTATION_COMMENTS = YES;
				CLANG_WARN_EMPTY_BODY = YES;
				CLANG_WARN_ENUM_CONVERSION = YES;
				CLANG_WARN_INFINITE_RECURSION = YES;
				CLANG_WARN_INT_CONVERSION = YES;
				CLANG_WARN_NON_LITERAL_NULL_CONVERSION = YES;
				CLANG_WARN_OBJC_IMPLICIT_RETAIN_SELF = YES;
				CLANG_WARN_OBJC_LITERAL_CONVERSION = YES;
				CLANG_WARN_OBJC_ROOT_CLASS = YES_ERROR;
				CLANG_WARN_QUOTED_INCLUDE_IN_FRAMEWORK_HEADER = YES;
				CLANG_WARN_RANGE_LOOP_ANALYSIS = YES;
				CLANG_WARN_STRICT_PROTOTYPES = YES;
				CLANG_WARN_SUSPICIOUS_MOVE = YES;
				CLANG_WARN_UNGUARDED_AVAILABILITY = YES_AGGRESSIVE;
				CLANG_WARN_UNREACHABLE_CODE = YES;
				CLANG_WARN__DUPLICATE_METHOD_MATCH = YES;
				COPY_PHASE_STRIP = NO;
				DEBUG_INFORMATION_FORMAT = "dwarf-with-dsym";
				ENABLE_NS_ASSERTIONS = NO;
				ENABLE_STRICT_OBJC_MSGSEND = YES;
				GCC_C_LANGUAGE_STANDARD = gnu11;
				GCC_NO_COMMON_BLOCKS = YES;
				GCC_WARN_64_TO_32_BIT_CONVERSION = YES;
				GCC_WARN_ABOUT_RETURN_TYPE = YES_ERROR;
				GCC_WARN_UNDECLARED_SELECTOR = YES;
				GCC_WARN_UNINITIALIZED_AUTOS = YES_AGGRESSIVE;
				GCC_WARN_UNUSED_FUNCTION = YES;
				GCC_WARN_UNUSED_VARIABLE = YES;
				IPHONEOS_DEPLOYMENT_TARGET = 16.4;
				MTL_ENABLE_DEBUG_INFO = NO;
				MTL_FAST_MATH = YES;
				SDKROOT = iphoneos;
				SWIFT_COMPILATION_MODE = wholemodule;
				SWIFT_OPTIMIZATION_LEVEL = "-O";
				VALIDATE_PRODUCT = YES;
			};
			name = Release;
		};
		EA303BE229E75A31000F20D5 /* Debug */ = {
			isa = XCBuildConfiguration;
			buildSettings = {
				ALWAYS_EMBED_SWIFT_STANDARD_LIBRARIES = YES;
				ASSETCATALOG_COMPILER_APPICON_NAME = AppIcon;
				ASSETCATALOG_COMPILER_GLOBAL_ACCENT_COLOR_NAME = AccentColor;
				CODE_SIGN_STYLE = Automatic;
				CURRENT_PROJECT_VERSION = 1;
				DEVELOPMENT_ASSET_PATHS = "\"Widgetology/Preview Content\"";
				DEVELOPMENT_TEAM = WS7NLP525J;
				ENABLE_PREVIEWS = YES;
				GENERATE_INFOPLIST_FILE = YES;
				INFOPLIST_KEY_UIApplicationSceneManifest_Generation = YES;
				INFOPLIST_KEY_UIApplicationSupportsIndirectInputEvents = YES;
				INFOPLIST_KEY_UILaunchScreen_Generation = YES;
				INFOPLIST_KEY_UISupportedInterfaceOrientations_iPad = "UIInterfaceOrientationPortrait UIInterfaceOrientationPortraitUpsideDown UIInterfaceOrientationLandscapeLeft UIInterfaceOrientationLandscapeRight";
				INFOPLIST_KEY_UISupportedInterfaceOrientations_iPhone = "UIInterfaceOrientationPortrait UIInterfaceOrientationLandscapeLeft UIInterfaceOrientationLandscapeRight";
				LD_RUNPATH_SEARCH_PATHS = (
					"$(inherited)",
					"@executable_path/Frameworks",
				);
				MARKETING_VERSION = 1.0;
				PRODUCT_BUNDLE_IDENTIFIER = pine.Widgetology;
				PRODUCT_NAME = "$(TARGET_NAME)";
				SWIFT_EMIT_LOC_STRINGS = YES;
				SWIFT_VERSION = 5.0;
				TARGETED_DEVICE_FAMILY = "1,2";
			};
			name = Debug;
		};
		EA303BE329E75A31000F20D5 /* Release */ = {
			isa = XCBuildConfiguration;
			buildSettings = {
				ALWAYS_EMBED_SWIFT_STANDARD_LIBRARIES = YES;
				ASSETCATALOG_COMPILER_APPICON_NAME = AppIcon;
				ASSETCATALOG_COMPILER_GLOBAL_ACCENT_COLOR_NAME = AccentColor;
				CODE_SIGN_STYLE = Automatic;
				CURRENT_PROJECT_VERSION = 1;
				DEVELOPMENT_ASSET_PATHS = "\"Widgetology/Preview Content\"";
				DEVELOPMENT_TEAM = WS7NLP525J;
				ENABLE_PREVIEWS = YES;
				GENERATE_INFOPLIST_FILE = YES;
				INFOPLIST_KEY_UIApplicationSceneManifest_Generation = YES;
				INFOPLIST_KEY_UIApplicationSupportsIndirectInputEvents = YES;
				INFOPLIST_KEY_UILaunchScreen_Generation = YES;
				INFOPLIST_KEY_UISupportedInterfaceOrientations_iPad = "UIInterfaceOrientationPortrait UIInterfaceOrientationPortraitUpsideDown UIInterfaceOrientationLandscapeLeft UIInterfaceOrientationLandscapeRight";
				INFOPLIST_KEY_UISupportedInterfaceOrientations_iPhone = "UIInterfaceOrientationPortrait UIInterfaceOrientationLandscapeLeft UIInterfaceOrientationLandscapeRight";
				LD_RUNPATH_SEARCH_PATHS = (
					"$(inherited)",
					"@executable_path/Frameworks",
				);
				MARKETING_VERSION = 1.0;
				PRODUCT_BUNDLE_IDENTIFIER = pine.Widgetology;
				PRODUCT_NAME = "$(TARGET_NAME)";
				SWIFT_EMIT_LOC_STRINGS = YES;
				SWIFT_VERSION = 5.0;
				TARGETED_DEVICE_FAMILY = "1,2";
			};
			name = Release;
		};
		EAD9A3AD29EDED800024E4EE /* Debug */ = {
			isa = XCBuildConfiguration;
			buildSettings = {
				ASSETCATALOG_COMPILER_GLOBAL_ACCENT_COLOR_NAME = AccentColor;
				ASSETCATALOG_COMPILER_WIDGET_BACKGROUND_COLOR_NAME = WidgetBackground;
				CODE_SIGN_STYLE = Automatic;
				CURRENT_PROJECT_VERSION = 1;
				DEVELOPMENT_TEAM = WS7NLP525J;
				GENERATE_INFOPLIST_FILE = YES;
				INFOPLIST_FILE = WidgetologyWidgets/Info.plist;
				INFOPLIST_KEY_CFBundleDisplayName = WidgetologyWidgets;
				INFOPLIST_KEY_NSHumanReadableCopyright = "";
				LD_RUNPATH_SEARCH_PATHS = (
					"$(inherited)",
					"@executable_path/Frameworks",
					"@executable_path/../../Frameworks",
				);
				MARKETING_VERSION = 1.0;
				PRODUCT_BUNDLE_IDENTIFIER = pine.Widgetology.WidgetologyWidgets;
				PRODUCT_NAME = "$(TARGET_NAME)";
				SKIP_INSTALL = YES;
				SWIFT_EMIT_LOC_STRINGS = YES;
				SWIFT_VERSION = 5.0;
				TARGETED_DEVICE_FAMILY = "1,2";
			};
			name = Debug;
		};
		EAD9A3AE29EDED800024E4EE /* Release */ = {
			isa = XCBuildConfiguration;
			buildSettings = {
				ASSETCATALOG_COMPILER_GLOBAL_ACCENT_COLOR_NAME = AccentColor;
				ASSETCATALOG_COMPILER_WIDGET_BACKGROUND_COLOR_NAME = WidgetBackground;
				CODE_SIGN_STYLE = Automatic;
				CURRENT_PROJECT_VERSION = 1;
				DEVELOPMENT_TEAM = WS7NLP525J;
				GENERATE_INFOPLIST_FILE = YES;
				INFOPLIST_FILE = WidgetologyWidgets/Info.plist;
				INFOPLIST_KEY_CFBundleDisplayName = WidgetologyWidgets;
				INFOPLIST_KEY_NSHumanReadableCopyright = "";
				LD_RUNPATH_SEARCH_PATHS = (
					"$(inherited)",
					"@executable_path/Frameworks",
					"@executable_path/../../Frameworks",
				);
				MARKETING_VERSION = 1.0;
				PRODUCT_BUNDLE_IDENTIFIER = pine.Widgetology.WidgetologyWidgets;
				PRODUCT_NAME = "$(TARGET_NAME)";
				SKIP_INSTALL = YES;
				SWIFT_EMIT_LOC_STRINGS = YES;
				SWIFT_VERSION = 5.0;
				TARGETED_DEVICE_FAMILY = "1,2";
			};
			name = Release;
		};
/* End XCBuildConfiguration section */

/* Begin XCConfigurationList section */
		EA303BCE29E75A2F000F20D5 /* Build configuration list for PBXProject "Widgetology" */ = {
			isa = XCConfigurationList;
			buildConfigurations = (
				EA303BDF29E75A31000F20D5 /* Debug */,
				EA303BE029E75A31000F20D5 /* Release */,
			);
			defaultConfigurationIsVisible = 0;
			defaultConfigurationName = Release;
		};
		EA303BE129E75A31000F20D5 /* Build configuration list for PBXNativeTarget "Widgetology" */ = {
			isa = XCConfigurationList;
			buildConfigurations = (
				EA303BE229E75A31000F20D5 /* Debug */,
				EA303BE329E75A31000F20D5 /* Release */,
			);
			defaultConfigurationIsVisible = 0;
			defaultConfigurationName = Release;
		};
		EAD9A3AF29EDED800024E4EE /* Build configuration list for PBXNativeTarget "WidgetologyWidgetsExtension" */ = {
			isa = XCConfigurationList;
			buildConfigurations = (
				EAD9A3AD29EDED800024E4EE /* Debug */,
				EAD9A3AE29EDED800024E4EE /* Release */,
			);
			defaultConfigurationIsVisible = 0;
			defaultConfigurationName = Release;
		};
/* End XCConfigurationList section */
	};
	rootObject = EA303BCB29E75A2F000F20D5 /* Project object */;
}
